
Microsoft Visual Studio Solution File, Format Version 12.00
# Visual Studio 15
VisualStudioVersion = 15.0.27703.2042
MinimumVisualStudioVersion = 10.0.40219.1
Project("{FAE04EC0-301F-11D3-BF4B-00C04F79EFBC}") = "Делегаты на кубиках", "Делегаты на кубиках\Делегаты на кубиках.csproj", "{8F323EA2-9D2F-42BD-9387-31AFB0538FE5}"
EndProject
Global
	GlobalSection(SolutionConfigurationPlatforms) = preSolution
		Debug|Any CPU = Debug|Any CPU
		Release|Any CPU = Release|Any CPU
	EndGlobalSection
	GlobalSection(ProjectConfigurationPlatforms) = postSolution
		{8F323EA2-9D2F-42BD-9387-31AFB0538FE5}.Debug|Any CPU.ActiveCfg = Debug|Any CPU
		{8F323EA2-9D2F-42BD-9387-31AFB0538FE5}.Debug|Any CPU.Build.0 = Debug|Any CPU
		{8F323EA2-9D2F-42BD-9387-31AFB0538FE5}.Release|Any CPU.ActiveCfg = Release|Any CPU
		{8F323EA2-9D2F-42BD-9387-31AFB0538FE5}.Release|Any CPU.Build.0 = Release|Any CPU
	EndGlobalSection
	GlobalSection(SolutionProperties) = preSolution
		HideSolutionNode = FALSE
	EndGlobalSection
	GlobalSection(ExtensibilityGlobals) = postSolution
		SolutionGuid = {C6B2B5F8-4E82-4E76-A7E0-60C1158FD928}
	EndGlobalSection
EndGlobal
